
Microsoft Visual Studio Solution File, Format Version 12.00
# Visual Studio Version 17
VisualStudioVersion = 17.13.35818.85 d17.13
MinimumVisualStudioVersion = 10.0.40219.1
Project("{FAE04EC0-301F-11D3-BF4B-00C04F79EFBC}") = "Wpf-Vosk", "Wpf-Vosk.csproj", "{92F07DF7-F5AE-4817-9D1B-ED637865EDDA}"
EndProject
Global
	GlobalSection(SolutionConfigurationPlatforms) = preSolution
		Debug|Any CPU = Debug|Any CPU
		Release|Any CPU = Release|Any CPU
	EndGlobalSection
	GlobalSection(ProjectConfigurationPlatforms) = postSolution
		{92F07DF7-F5AE-4817-9D1B-ED637865EDDA}.Debug|Any CPU.ActiveCfg = Debug|Any CPU
		{92F07DF7-F5AE-4817-9D1B-ED637865EDDA}.Debug|Any CPU.Build.0 = Debug|Any CPU
		{92F07DF7-F5AE-4817-9D1B-ED637865EDDA}.Release|Any CPU.ActiveCfg = Release|Any CPU
		{92F07DF7-F5AE-4817-9D1B-ED637865EDDA}.Release|Any CPU.Build.0 = Release|Any CPU
	EndGlobalSection
	GlobalSection(SolutionProperties) = preSolution
		HideSolutionNode = FALSE
	EndGlobalSection
	GlobalSection(ExtensibilityGlobals) = postSolution
		SolutionGuid = {C80A8850-14B6-405C-B20B-FF2B50770C0A}
	EndGlobalSection
EndGlobal
